
Microsoft Visual Studio Solution File, Format Version 12.00
# Visual Studio Version 17
VisualStudioVersion = 17.12.35707.178 d17.12
MinimumVisualStudioVersion = 10.0.40219.1
Project("{2150E333-8FDC-42A3-9474-1A3956D46DE8}") = "Src", "Src", "{EE9A78DF-3FA0-48DD-9E0F-0573344A878F}"
EndProject
Project("{2150E333-8FDC-42A3-9474-1A3956D46DE8}") = "Tests", "Tests", "{072BA434-E01A-46D4-8C8F-7CFB0459D7CE}"
EndProject
Project("{FAE04EC0-301F-11D3-BF4B-00C04F79EFBC}") = "TwistedFizzBuzz", "TwistedFizzBuzz\TwistedFizzBuzz.csproj", "{100990FE-3C83-448C-892B-46C44BCEEC4B}"
EndProject
Project("{FAE04EC0-301F-11D3-BF4B-00C04F79EFBC}") = "FizzBuzzConsole", "FizzBuzzConsole\FizzBuzzConsole.csproj", "{AC737792-3343-4EE3-BF8B-0E92A7F04B92}"
EndProject
Project("{FAE04EC0-301F-11D3-BF4B-00C04F79EFBC}") = "TwistedFizzBuzzConsole", "TwistedFizzBuzzConsole\TwistedFizzBuzzConsole.csproj", "{B9C56D35-8B75-48D0-84B3-773709608278}"
EndProject
Project("{FAE04EC0-301F-11D3-BF4B-00C04F79EFBC}") = "TwistedFizzBuzz.Tests", "TwistedFizzBuzz.Tests\TwistedFizzBuzz.Tests.csproj", "{592D68C0-2D34-4E55-B3CF-514D3E88BFAB}"
EndProject
Global
	GlobalSection(SolutionConfigurationPlatforms) = preSolution
		Debug|Any CPU = Debug|Any CPU
		Release|Any CPU = Release|Any CPU
	EndGlobalSection
	GlobalSection(ProjectConfigurationPlatforms) = postSolution
		{100990FE-3C83-448C-892B-46C44BCEEC4B}.Debug|Any CPU.ActiveCfg = Debug|Any CPU
		{100990FE-3C83-448C-892B-46C44BCEEC4B}.Debug|Any CPU.Build.0 = Debug|Any CPU
		{100990FE-3C83-448C-892B-46C44BCEEC4B}.Release|Any CPU.ActiveCfg = Release|Any CPU
		{100990FE-3C83-448C-892B-46C44BCEEC4B}.Release|Any CPU.Build.0 = Release|Any CPU
		{AC737792-3343-4EE3-BF8B-0E92A7F04B92}.Debug|Any CPU.ActiveCfg = Debug|Any CPU
		{AC737792-3343-4EE3-BF8B-0E92A7F04B92}.Debug|Any CPU.Build.0 = Debug|Any CPU
		{AC737792-3343-4EE3-BF8B-0E92A7F04B92}.Release|Any CPU.ActiveCfg = Release|Any CPU
		{AC737792-3343-4EE3-BF8B-0E92A7F04B92}.Release|Any CPU.Build.0 = Release|Any CPU
		{B9C56D35-8B75-48D0-84B3-773709608278}.Debug|Any CPU.ActiveCfg = Debug|Any CPU
		{B9C56D35-8B75-48D0-84B3-773709608278}.Debug|Any CPU.Build.0 = Debug|Any CPU
		{B9C56D35-8B75-48D0-84B3-773709608278}.Release|Any CPU.ActiveCfg = Release|Any CPU
		{B9C56D35-8B75-48D0-84B3-773709608278}.Release|Any CPU.Build.0 = Release|Any CPU
		{592D68C0-2D34-4E55-B3CF-514D3E88BFAB}.Debug|Any CPU.ActiveCfg = Debug|Any CPU
		{592D68C0-2D34-4E55-B3CF-514D3E88BFAB}.Debug|Any CPU.Build.0 = Debug|Any CPU
		{592D68C0-2D34-4E55-B3CF-514D3E88BFAB}.Release|Any CPU.ActiveCfg = Release|Any CPU
		{592D68C0-2D34-4E55-B3CF-514D3E88BFAB}.Release|Any CPU.Build.0 = Release|Any CPU
	EndGlobalSection
	GlobalSection(SolutionProperties) = preSolution
		HideSolutionNode = FALSE
	EndGlobalSection
	GlobalSection(NestedProjects) = preSolution
		{100990FE-3C83-448C-892B-46C44BCEEC4B} = {EE9A78DF-3FA0-48DD-9E0F-0573344A878F}
		{AC737792-3343-4EE3-BF8B-0E92A7F04B92} = {EE9A78DF-3FA0-48DD-9E0F-0573344A878F}
		{B9C56D35-8B75-48D0-84B3-773709608278} = {EE9A78DF-3FA0-48DD-9E0F-0573344A878F}
		{592D68C0-2D34-4E55-B3CF-514D3E88BFAB} = {072BA434-E01A-46D4-8C8F-7CFB0459D7CE}
	EndGlobalSection
EndGlobal
